
Microsoft Visual Studio Solution File, Format Version 12.00
# Visual Studio 15
Project("{FAE04EC0-301F-11D3-BF4B-00C04F79EFBC}") = "LeanTween", "LeanTween.csproj", "{F6E050CA-CD7A-91A5-9D06-06D2D3ED8393}"
EndProject
Project("{FAE04EC0-301F-11D3-BF4B-00C04F79EFBC}") = "Assembly-CSharp", "Assembly-CSharp.csproj", "{49F2BB22-7E93-BCB5-ED4A-9A5864DA008C}"
EndProject
Project("{FAE04EC0-301F-11D3-BF4B-00C04F79EFBC}") = "NewAssembly", "NewAssembly.csproj", "{E4A226D8-71BE-C792-3113-A7DDFD523B1D}"
EndProject
Project("{FAE04EC0-301F-11D3-BF4B-00C04F79EFBC}") = "Assembly-CSharp-Editor", "Assembly-CSharp-Editor.csproj", "{6FA1E42D-6B1D-6ACA-51A0-F693923BAC5A}"
EndProject
Global
	GlobalSection(SolutionConfigurationPlatforms) = preSolution
		Debug|Any CPU = Debug|Any CPU
		Release|Any CPU = Release|Any CPU
	EndGlobalSection
	GlobalSection(ProjectConfigurationPlatforms) = postSolution
		{F6E050CA-CD7A-91A5-9D06-06D2D3ED8393}.Debug|Any CPU.ActiveCfg = Debug|Any CPU
		{F6E050CA-CD7A-91A5-9D06-06D2D3ED8393}.Debug|Any CPU.Build.0 = Debug|Any CPU
		{F6E050CA-CD7A-91A5-9D06-06D2D3ED8393}.Release|Any CPU.ActiveCfg = Release|Any CPU
		{F6E050CA-CD7A-91A5-9D06-06D2D3ED8393}.Release|Any CPU.Build.0 = Release|Any CPU
		{49F2BB22-7E93-BCB5-ED4A-9A5864DA008C}.Debug|Any CPU.ActiveCfg = Debug|Any CPU
		{49F2BB22-7E93-BCB5-ED4A-9A5864DA008C}.Debug|Any CPU.Build.0 = Debug|Any CPU
		{49F2BB22-7E93-BCB5-ED4A-9A5864DA008C}.Release|Any CPU.ActiveCfg = Release|Any CPU
		{49F2BB22-7E93-BCB5-ED4A-9A5864DA008C}.Release|Any CPU.Build.0 = Release|Any CPU
		{E4A226D8-71BE-C792-3113-A7DDFD523B1D}.Debug|Any CPU.ActiveCfg = Debug|Any CPU
		{E4A226D8-71BE-C792-3113-A7DDFD523B1D}.Debug|Any CPU.Build.0 = Debug|Any CPU
		{E4A226D8-71BE-C792-3113-A7DDFD523B1D}.Release|Any CPU.ActiveCfg = Release|Any CPU
		{E4A226D8-71BE-C792-3113-A7DDFD523B1D}.Release|Any CPU.Build.0 = Release|Any CPU
		{6FA1E42D-6B1D-6ACA-51A0-F693923BAC5A}.Debug|Any CPU.ActiveCfg = Debug|Any CPU
		{6FA1E42D-6B1D-6ACA-51A0-F693923BAC5A}.Debug|Any CPU.Build.0 = Debug|Any CPU
		{6FA1E42D-6B1D-6ACA-51A0-F693923BAC5A}.Release|Any CPU.ActiveCfg = Release|Any CPU
		{6FA1E42D-6B1D-6ACA-51A0-F693923BAC5A}.Release|Any CPU.Build.0 = Release|Any CPU
	EndGlobalSection
	GlobalSection(SolutionProperties) = preSolution
		HideSolutionNode = FALSE
	EndGlobalSection
EndGlobal
